{
    "_readme": [
        "This file locks the dependencies of your project to a known state",
        "Read more about it at https://getcomposer.org/doc/01-basic-usage.md#composer-lock-the-lock-file",
        "This file is @generated automatically"
    ],
    "hash": "09692bc3098610ca6f703deeb99b6a7f",
    "content-hash": "2e2d3b832878bae59648ca96e37f36be",
    "packages": [
        {
            "name": "fillup/nexmo",
            "version": "dev-master",
            "source": {
                "type": "git",
                "url": "https://github.com/fillup/nexmo.git",
                "reference": "3fe9751620645d6c21cbfe7a66aacc82db921104"
            },
            "dist": {
                "type": "zip",
                "url": "https://api.github.com/repos/fillup/nexmo/zipball/3fe9751620645d6c21cbfe7a66aacc82db921104",
                "reference": "3fe9751620645d6c21cbfe7a66aacc82db921104",
                "shasum": ""
            },
            "require": {
                "guzzlehttp/guzzle": "~5.0",
                "guzzlehttp/guzzle-services": "*",
                "guzzlehttp/log-subscriber": "*",
                "guzzlehttp/retry-subscriber": "*"
            },
            "type": "library",
            "autoload": {
                "psr-4": {
                    "Nexmo\\": "src/"
                }
            },
            "notification-url": "https://packagist.org/downloads/",
            "license": [
                "MIT"
            ],
            "authors": [
                {
                    "name": "Phillip Shipley",
                    "email": "phillip.shipley@gmail.com"
                }
            ],
            "description": "Nexmo API client built with Guzzle Web Service descriptions",
            "time": "2015-10-06 00:42:26"
        },
        {
            "name": "guzzlehttp/command",
            "version": "0.7.1",
            "source": {
                "type": "git",
                "url": "https://github.com/guzzle/command.git",
                "reference": "2e8286ff81f75f97b00f7dcc2f51e2efafb373bd"
            },
            "dist": {
                "type": "zip",
                "url": "https://api.github.com/repos/guzzle/command/zipball/2e8286ff81f75f97b00f7dcc2f51e2efafb373bd",
                "reference": "2e8286ff81f75f97b00f7dcc2f51e2efafb373bd",
                "shasum": ""
            },
            "require": {
                "guzzlehttp/guzzle": "~5.0",
                "php": ">=5.4.0"
            },
            "require-dev": {
                "phpunit/phpunit": "~4.0"
            },
            "type": "library",
            "extra": {
                "branch-alias": {
                    "dev-master": "0.7-dev"
                }
            },
            "autoload": {
                "psr-4": {
                    "GuzzleHttp\\Command\\": "src/"
                }
            },
            "notification-url": "https://packagist.org/downloads/",
            "license": [
                "MIT"
            ],
            "authors": [
                {
                    "name": "Michael Dowling",
                    "email": "mtdowling@gmail.com",
                    "homepage": "https://github.com/mtdowling"
                }
            ],
            "description": "Provides the foundation for building command based web service clients",
            "time": "2015-01-14 18:54:57"
        },
        {
            "name": "guzzlehttp/guzzle",
            "version": "5.3.x-dev",
            "source": {
                "type": "git",
                "url": "https://github.com/guzzle/guzzle.git",
                "reference": "8e6f5732242fe833eb5fd553648924a200e50492"
            },
            "dist": {
                "type": "zip",
                "url": "https://api.github.com/repos/guzzle/guzzle/zipball/8e6f5732242fe833eb5fd553648924a200e50492",
                "reference": "8e6f5732242fe833eb5fd553648924a200e50492",
                "shasum": ""
            },
            "require": {
                "guzzlehttp/ringphp": "^1.1",
                "php": ">=5.4.0"
            },
            "require-dev": {
                "ext-curl": "*",
                "phpunit/phpunit": "^4.0"
            },
            "type": "library",
            "autoload": {
                "psr-4": {
                    "GuzzleHttp\\": "src/"
                }
            },
            "notification-url": "https://packagist.org/downloads/",
            "license": [
                "MIT"
            ],
            "authors": [
                {
                    "name": "Michael Dowling",
                    "email": "mtdowling@gmail.com",
                    "homepage": "https://github.com/mtdowling"
                }
            ],
            "description": "Guzzle is a PHP HTTP client library and framework for building RESTful web service clients",
            "homepage": "http://guzzlephp.org/",
            "keywords": [
                "client",
                "curl",
                "framework",
                "http",
                "http client",
                "rest",
                "web service"
            ],
            "time": "2015-08-15 20:00:28"
        },
        {
            "name": "guzzlehttp/guzzle-services",
            "version": "0.5.0",
            "source": {
                "type": "git",
                "url": "https://github.com/guzzle/guzzle-services.git",
                "reference": "5402867628d266748db88f05c90ede54fd1d884c"
            },
            "dist": {
                "type": "zip",
                "url": "https://api.github.com/repos/guzzle/guzzle-services/zipball/5402867628d266748db88f05c90ede54fd1d884c",
                "reference": "5402867628d266748db88f05c90ede54fd1d884c",
                "shasum": ""
            },
            "require": {
                "guzzlehttp/command": "0.7.*",
                "php": ">=5.4.0"
            },
            "require-dev": {
                "phpunit/phpunit": "~4.0"
            },
            "type": "library",
            "extra": {
                "branch-alias": {
                    "dev-master": "0.4-dev"
                }
            },
            "autoload": {
                "psr-4": {
                    "GuzzleHttp\\Command\\Guzzle\\": "src/"
                }
            },
            "notification-url": "https://packagist.org/downloads/",
            "license": [
                "MIT"
            ],
            "authors": [
                {
                    "name": "Michael Dowling",
                    "email": "mtdowling@gmail.com",
                    "homepage": "https://github.com/mtdowling"
                }
            ],
            "description": "Provides an implementation of the Guzzle Command library that uses Guzzle service descriptions to describe web services, serialize requests, and parse responses into easy to use model structures.",
            "time": "2014-12-23 19:13:18"
        },
        {
            "name": "guzzlehttp/log-subscriber",
            "version": "dev-master",
            "source": {
                "type": "git",
                "url": "https://github.com/guzzle/log-subscriber.git",
                "reference": "99c3c0004165db721d8ef7bbef60c996210e538a"
            },
            "dist": {
                "type": "zip",
                "url": "https://api.github.com/repos/guzzle/log-subscriber/zipball/99c3c0004165db721d8ef7bbef60c996210e538a",
                "reference": "99c3c0004165db721d8ef7bbef60c996210e538a",
                "shasum": ""
            },
            "require": {
                "guzzlehttp/guzzle": "~4.0 | ~5.0",
                "php": ">=5.4.0",
                "psr/log": "~1.0"
            },
            "require-dev": {
                "phpunit/phpunit": "~4.0"
            },
            "type": "library",
            "extra": {
                "branch-alias": {
                    "dev-master": "1.0-dev"
                }
            },
            "autoload": {
                "psr-4": {
                    "GuzzleHttp\\Subscriber\\Log\\": "src/"
                }
            },
            "notification-url": "https://packagist.org/downloads/",
            "license": [
                "MIT"
            ],
            "authors": [
                {
                    "name": "Michael Dowling",
                    "email": "mtdowling@gmail.com",
                    "homepage": "https://github.com/mtdowling"
                }
            ],
            "description": "Logs HTTP requests and responses as they are sent over the wire (Guzzle 4+)",
            "homepage": "http://guzzlephp.org/",
            "keywords": [
                "Guzzle",
                "log",
                "plugin"
            ],
            "time": "2014-10-13 03:31:43"
        },
        {
            "name": "guzzlehttp/retry-subscriber",
            "version": "dev-master",
            "source": {
                "type": "git",
                "url": "https://github.com/guzzle/retry-subscriber.git",
                "reference": "bcef02939a1f3e3126662a969ea60aeadb6ba74f"
            },
            "dist": {
                "type": "zip",
                "url": "https://api.github.com/repos/guzzle/retry-subscriber/zipball/bcef02939a1f3e3126662a969ea60aeadb6ba74f",
                "reference": "bcef02939a1f3e3126662a969ea60aeadb6ba74f",
                "shasum": ""
            },
            "require": {
                "guzzlehttp/guzzle": "~5.1",
                "php": ">=5.4.0"
            },
            "require-dev": {
                "guzzlehttp/log-subscriber": "~1.0",
                "phpunit/phpunit": "~4.0"
            },
            "type": "library",
            "extra": {
                "branch-alias": {
                    "dev-master": "1.0-dev"
                }
            },
            "autoload": {
                "psr-4": {
                    "GuzzleHttp\\Subscriber\\Retry\\": "src/"
                }
            },
            "notification-url": "https://packagist.org/downloads/",
            "license": [
                "MIT"
            ],
            "authors": [
                {
                    "name": "Michael Dowling",
                    "email": "mtdowling@gmail.com",
                    "homepage": "https://github.com/mtdowling"
                }
            ],
            "description": "Retries failed HTTP requests using customizable retry strategies (Guzzle 4+)",
            "homepage": "http://guzzlephp.org/",
            "keywords": [
                "Guzzle",
                "http",
                "retry"
            ],
            "time": "2015-03-11 00:09:52"
        },
        {
            "name": "guzzlehttp/ringphp",
            "version": "dev-master",
            "source": {
                "type": "git",
                "url": "https://github.com/guzzle/RingPHP.git",
                "reference": "9465032ac5d6beaa55f10923403e6e1c36018d9c"
            },
            "dist": {
                "type": "zip",
                "url": "https://api.github.com/repos/guzzle/RingPHP/zipball/9465032ac5d6beaa55f10923403e6e1c36018d9c",
                "reference": "9465032ac5d6beaa55f10923403e6e1c36018d9c",
                "shasum": ""
            },
            "require": {
                "guzzlehttp/streams": "~3.0",
                "php": ">=5.4.0",
                "react/promise": "~2.0"
            },
            "require-dev": {
                "ext-curl": "*",
                "phpunit/phpunit": "~4.0"
            },
            "suggest": {
                "ext-curl": "Guzzle will use specific adapters if cURL is present"
            },
            "type": "library",
            "extra": {
                "branch-alias": {
                    "dev-master": "1.1-dev"
                }
            },
            "autoload": {
                "psr-4": {
                    "GuzzleHttp\\Ring\\": "src/"
                }
            },
            "notification-url": "https://packagist.org/downloads/",
            "license": [
                "MIT"
            ],
            "authors": [
                {
                    "name": "Michael Dowling",
                    "email": "mtdowling@gmail.com",
                    "homepage": "https://github.com/mtdowling"
                }
            ],
            "description": "Provides a simple API and specification that abstracts away the details of HTTP into a single PHP function.",
            "time": "2015-05-21 17:23:02"
        },
        {
            "name": "guzzlehttp/streams",
            "version": "dev-master",
            "source": {
                "type": "git",
                "url": "https://github.com/guzzle/streams.git",
                "reference": "d1f8a6c55f0f753cfd6f6755856473eb02cedb19"
            },
            "dist": {
                "type": "zip",
                "url": "https://api.github.com/repos/guzzle/streams/zipball/d1f8a6c55f0f753cfd6f6755856473eb02cedb19",
                "reference": "d1f8a6c55f0f753cfd6f6755856473eb02cedb19",
                "shasum": ""
            },
            "require": {
                "php": ">=5.4.0"
            },
            "require-dev": {
                "phpunit/phpunit": "~4.0"
            },
            "type": "library",
            "extra": {
                "branch-alias": {
                    "dev-master": "3.0-dev"
                }
            },
            "autoload": {
                "psr-4": {
                    "GuzzleHttp\\Stream\\": "src/"
                }
            },
            "notification-url": "https://packagist.org/downloads/",
            "license": [
                "MIT"
            ],
            "authors": [
                {
                    "name": "Michael Dowling",
                    "email": "mtdowling@gmail.com",
                    "homepage": "https://github.com/mtdowling"
                }
            ],
            "description": "Provides a simple abstraction over streams of data",
            "homepage": "http://guzzlephp.org/",
            "keywords": [
                "Guzzle",
                "stream"
            ],
            "time": "2015-01-22 00:01:34"
        },
        {
            "name": "psr/log",
            "version": "dev-master",
            "source": {
                "type": "git",
                "url": "https://github.com/php-fig/log.git",
                "reference": "9e45edca52cc9c954680072c93e621f8b71fab26"
            },
            "dist": {
                "type": "zip",
                "url": "https://api.github.com/repos/php-fig/log/zipball/9e45edca52cc9c954680072c93e621f8b71fab26",
                "reference": "9e45edca52cc9c954680072c93e621f8b71fab26",
                "shasum": ""
            },
            "require": {
                "php": ">=5.3.0"
            },
            "type": "library",
            "extra": {
                "branch-alias": {
                    "dev-master": "1.0.x-dev"
                }
            },
            "autoload": {
                "psr-4": {
                    "Psr\\Log\\": "Psr/Log/"
                }
            },
            "notification-url": "https://packagist.org/downloads/",
            "license": [
                "MIT"
            ],
            "authors": [
                {
                    "name": "PHP-FIG",
                    "homepage": "http://www.php-fig.org/"
                }
            ],
            "description": "Common interface for logging libraries",
            "keywords": [
                "log",
                "psr",
                "psr-3"
            ],
            "time": "2015-06-02 13:48:41"
        },
        {
            "name": "pubnub/pubnub",
            "version": "dev-master",
            "source": {
                "type": "git",
                "url": "https://github.com/pubnub/php.git",
                "reference": "fee508e7271cd5c944a73c505fb8d9d540d69f35"
            },
            "dist": {
                "type": "zip",
                "url": "https://api.github.com/repos/pubnub/php/zipball/fee508e7271cd5c944a73c505fb8d9d540d69f35",
                "reference": "fee508e7271cd5c944a73c505fb8d9d540d69f35",
                "shasum": ""
            },
            "require": {
                "php": ">=5.3.0"
            },
            "require-dev": {
                "phpdocumentor/phpdocumentor": "dev-master",
                "phpunit/phpunit": "3.7.*"
            },
            "type": "library",
            "autoload": {
                "psr-0": {
                    "Pubnub\\": "composer/lib/"
                }
            },
            "notification-url": "https://packagist.org/downloads/",
            "license": [
                "MIT"
            ],
            "authors": [
                {
                    "name": "Dmitry Medvedev",
                    "email": "gektor1@gmail.com"
                },
                {
                    "name": "Victor Kislichenko",
                    "email": "dofer@bigmir.net"
                },
                {
                    "name": "PubNub Support",
                    "email": "support@pubnub.com"
                }
            ],
            "description": "The Only Global Network For Real-Time Data -- PubNub!",
            "homepage": "http://www.pubnub.com/",
            "keywords": [
                "ajax",
                "api",
                "push",
                "real time",
                "real-time",
                "realtime"
            ],
            "time": "2015-07-24 11:09:26"
        },
        {
            "name": "react/promise",
            "version": "v2.2.1",
            "source": {
                "type": "git",
                "url": "https://github.com/reactphp/promise.git",
                "reference": "3b6fca09c7d56321057fa8867c8dbe1abf648627"
            },
            "dist": {
                "type": "zip",
                "url": "https://api.github.com/repos/reactphp/promise/zipball/3b6fca09c7d56321057fa8867c8dbe1abf648627",
                "reference": "3b6fca09c7d56321057fa8867c8dbe1abf648627",
                "shasum": ""
            },
            "require": {
                "php": ">=5.4.0"
            },
            "type": "library",
            "extra": {
                "branch-alias": {
                    "dev-master": "2.0-dev"
                }
            },
            "autoload": {
                "psr-4": {
                    "React\\Promise\\": "src/"
                },
                "files": [
                    "src/functions_include.php"
                ]
            },
            "notification-url": "https://packagist.org/downloads/",
            "license": [
                "MIT"
            ],
            "authors": [
                {
                    "name": "Jan Sorgalla",
                    "email": "jsorgalla@gmail.com"
                }
            ],
            "description": "A lightweight implementation of CommonJS Promises/A for PHP",
            "time": "2015-07-03 13:48:55"
        }
    ],
    "packages-dev": [],
    "aliases": [],
    "minimum-stability": "dev",
    "stability-flags": {
        "pubnub/pubnub": 20,
        "fillup/nexmo": 20
    },
    "prefer-stable": false,
    "prefer-lowest": false,
    "platform": [],
    "platform-dev": []
}
